Microsoft Visual Studio Solution File, Format Version 12.00
# Visual Studio 2013
VisualStudioVersion = 12.0.40302.0
MinimumVisualStudioVersion = 10.0.40219.1
Project("{8BC9CEB8-8B4A-11D0-8D11-00A0C91BC942}") = "elements", "examples\elements.vcxproj", "{ED2438DC-273A-D65A-AA2C-0ACDD66E5A47}"
	ProjectSection(ProjectDependencies) = postProject
		{92D68751-8171-ABF0-F9D7-06A41FC15D5D} = {92D68751-8171-ABF0-F9D7-06A41FC15D5D}
	EndProjectSection
EndProject
Project("{8BC9CEB8-8B4A-11D0-8D11-00A0C91BC942}") = "expat", "lib\expat.vcxproj", "{86E1B6D2-7B2D-FFAC-2EE5-150FFCDD5B39}"
EndProject
Project("{8BC9CEB8-8B4A-11D0-8D11-00A0C91BC942}") = "expat_static", "lib\expat_static.vcxproj", "{92D68751-8171-ABF0-F9D7-06A41FC15D5D}"
EndProject
Project("{8BC9CEB8-8B4A-11D0-8D11-00A0C91BC942}") = "expatw", "lib\expatw.vcxproj", "{6C9D0352-057F-7AE8-7F4C-C2AA0E3E2EC8}"
EndProject
Project("{8BC9CEB8-8B4A-11D0-8D11-00A0C91BC942}") = "expatw_static", "lib\expatw_static.vcxproj", "{1C16B697-42B7-484D-4EB6-1E681703DE2D}"
EndProject
Project("{8BC9CEB8-8B4A-11D0-8D11-00A0C91BC942}") = "outline", "examples\outline.vcxproj", "{E909B08E-A811-40B1-643E-C84018C69BF5}"
	ProjectSection(ProjectDependencies) = postProject
		{86E1B6D2-7B2D-FFAC-2EE5-150FFCDD5B39} = {86E1B6D2-7B2D-FFAC-2EE5-150FFCDD5B39}
	EndProjectSection
EndProject
Project("{8BC9CEB8-8B4A-11D0-8D11-00A0C91BC942}") = "xmlwf", "xmlwf\xmlwf.vcxproj", "{36A9C123-55EE-E199-B77F-51ECF0533CC0}"
	ProjectSection(ProjectDependencies) = postProject
		{86E1B6D2-7B2D-FFAC-2EE5-150FFCDD5B39} = {86E1B6D2-7B2D-FFAC-2EE5-150FFCDD5B39}
	EndProjectSection
EndProject
Global
	GlobalSection(SolutionConfigurationPlatforms) = preSolution
		Release|Win32 = Release|Win32
		Release|x64 = Release|x64
	EndGlobalSection
	GlobalSection(ProjectConfigurationPlatforms) = postSolution
		{ED2438DC-273A-D65A-AA2C-0ACDD66E5A47}.Release|Win32.ActiveCfg = Release|Win32
		{ED2438DC-273A-D65A-AA2C-0ACDD66E5A47}.Release|Win32.Build.0 = Release|Win32
		{ED2438DC-273A-D65A-AA2C-0ACDD66E5A47}.Release|x64.ActiveCfg = Release|x64
		{86E1B6D2-7B2D-FFAC-2EE5-150FFCDD5B39}.Release|Win32.ActiveCfg = Release|Win32
		{86E1B6D2-7B2D-FFAC-2EE5-150FFCDD5B39}.Release|Win32.Build.0 = Release|Win32
		{86E1B6D2-7B2D-FFAC-2EE5-150FFCDD5B39}.Release|x64.ActiveCfg = Release|x64
		{92D68751-8171-ABF0-F9D7-06A41FC15D5D}.Release|Win32.ActiveCfg = Release|Win32
		{92D68751-8171-ABF0-F9D7-06A41FC15D5D}.Release|Win32.Build.0 = Release|Win32
		{92D68751-8171-ABF0-F9D7-06A41FC15D5D}.Release|x64.ActiveCfg = Release|x64
		{6C9D0352-057F-7AE8-7F4C-C2AA0E3E2EC8}.Release|Win32.ActiveCfg = Release|Win32
		{6C9D0352-057F-7AE8-7F4C-C2AA0E3E2EC8}.Release|Win32.Build.0 = Release|Win32
		{6C9D0352-057F-7AE8-7F4C-C2AA0E3E2EC8}.Release|x64.ActiveCfg = Release|x64
		{1C16B697-42B7-484D-4EB6-1E681703DE2D}.Release|Win32.ActiveCfg = Release|Win32
		{1C16B697-42B7-484D-4EB6-1E681703DE2D}.Release|Win32.Build.0 = Release|Win32
		{1C16B697-42B7-484D-4EB6-1E681703DE2D}.Release|x64.ActiveCfg = Release|x64
		{E909B08E-A811-40B1-643E-C84018C69BF5}.Release|Win32.ActiveCfg = Release|Win32
		{E909B08E-A811-40B1-643E-C84018C69BF5}.Release|Win32.Build.0 = Release|Win32
		{E909B08E-A811-40B1-643E-C84018C69BF5}.Release|x64.ActiveCfg = Release|x64
		{36A9C123-55EE-E199-B77F-51ECF0533CC0}.Release|Win32.ActiveCfg = Release|Win32
		{36A9C123-55EE-E199-B77F-51ECF0533CC0}.Release|Win32.Build.0 = Release|Win32
		{36A9C123-55EE-E199-B77F-51ECF0533CC0}.Release|x64.ActiveCfg = Release|x64
	EndGlobalSection
	GlobalSection(SolutionProperties) = preSolution
		HideSolutionNode = FALSE
	EndGlobalSection
EndGlobal
